// !$*UTF8*$!
{
	archiveVersion = 1;
	classes = {
	};
	objectVersion = 46;
	objects = {

/* Begin PBXBuildFile section */
		930397011B05C09100430E6B /* iProduct.swift in Sources */ = {isa = PBXBuildFile; fileRef = 930397001B05C09100430E6B /* iProduct.swift */; };
		930397031B05C1E500430E6B /* iFavourite.swift in Sources */ = {isa = PBXBuildFile; fileRef = 930397021B05C1E500430E6B /* iFavourite.swift */; };
		9322D4271B01C03000BC18BF /* AppDelegate.swift in Sources */ = {isa = PBXBuildFile; fileRef = 9322D4261B01C03000BC18BF /* AppDelegate.swift */; };
		9322D42A1B01C03000BC18BF /* IPSE.xcdatamodeld in Sources */ = {isa = PBXBuildFile; fileRef = 9322D4281B01C03000BC18BF /* IPSE.xcdatamodeld */; };
		9322D42C1B01C03000BC18BF /* MenuController.swift in Sources */ = {isa = PBXBuildFile; fileRef = 9322D42B1B01C03000BC18BF /* MenuController.swift */; };
		9322D42F1B01C03100BC18BF /* Main.storyboard in Resources */ = {isa = PBXBuildFile; fileRef = 9322D42D1B01C03100BC18BF /* Main.storyboard */; };
		9322D4311B01C03100BC18BF /* Images.xcassets in Resources */ = {isa = PBXBuildFile; fileRef = 9322D4301B01C03100BC18BF /* Images.xcassets */; };
		9322D4341B01C03100BC18BF /* LaunchScreen.xib in Resources */ = {isa = PBXBuildFile; fileRef = 9322D4321B01C03100BC18BF /* LaunchScreen.xib */; };
		9322D4401B01C03100BC18BF /* IPSETests.swift in Sources */ = {isa = PBXBuildFile; fileRef = 9322D43F1B01C03100BC18BF /* IPSETests.swift */; };
		9322D44B1B01C08A00BC18BF /* OrdersController.swift in Sources */ = {isa = PBXBuildFile; fileRef = 9322D44A1B01C08A00BC18BF /* OrdersController.swift */; };
		9322D4501B01CDF700BC18BF /* iLogin.swift in Sources */ = {isa = PBXBuildFile; fileRef = 9322D44F1B01CDF700BC18BF /* iLogin.swift */; };
		9322D4521B01CE4800BC18BF /* iProfile.swift in Sources */ = {isa = PBXBuildFile; fileRef = 9322D4511B01CE4800BC18BF /* iProfile.swift */; };
		9322D4541B01CE9600BC18BF /* iOrders.swift in Sources */ = {isa = PBXBuildFile; fileRef = 9322D4531B01CE9600BC18BF /* iOrders.swift */; };
/* End PBXBuildFile section */

/* Begin PBXContainerItemProxy section */
		9322D43A1B01C03100BC18BF /* PBXContainerItemProxy */ = {
			isa = PBXContainerItemProxy;
			containerPortal = 9322D4191B01C03000BC18BF /* Project object */;
			proxyType = 1;
			remoteGlobalIDString = 9322D4201B01C03000BC18BF;
			remoteInfo = IPSE;
		};
/* End PBXContainerItemProxy section */

/* Begin PBXFileReference section */
		930397001B05C09100430E6B /* iProduct.swift */ = {isa = PBXFileReference; fileEncoding = 4; lastKnownFileType = sourcecode.swift; path = iProduct.swift; sourceTree = "<group>"; };
		930397021B05C1E500430E6B /* iFavourite.swift */ = {isa = PBXFileReference; fileEncoding = 4; lastKnownFileType = sourcecode.swift; path = iFavourite.swift; sourceTree = "<group>"; };
		9322D4211B01C03000BC18BF /* IPSE.app */ = {isa = PBXFileReference; explicitFileType = wrapper.application; includeInIndex = 0; path = IPSE.app; sourceTree = BUILT_PRODUCTS_DIR; };
		9322D4251B01C03000BC18BF /* Info.plist */ = {isa = PBXFileReference; lastKnownFileType = text.plist.xml; path = Info.plist; sourceTree = "<group>"; };
		9322D4261B01C03000BC18BF /* AppDelegate.swift */ = {isa = PBXFileReference; lastKnownFileType = sourcecode.swift; path = AppDelegate.swift; sourceTree = "<group>"; };
		9322D4291B01C03000BC18BF /* IPSE.xcdatamodel */ = {isa = PBXFileReference; lastKnownFileType = wrapper.xcdatamodel; path = IPSE.xcdatamodel; sourceTree = "<group>"; };
		9322D42B1B01C03000BC18BF /* MenuController.swift */ = {isa = PBXFileReference; lastKnownFileType = sourcecode.swift; path = MenuController.swift; sourceTree = "<group>"; };
		9322D42E1B01C03100BC18BF /* Base */ = {isa = PBXFileReference; lastKnownFileType = file.storyboard; name = Base; path = Base.lproj/Main.storyboard; sourceTree = "<group>"; };
		9322D4301B01C03100BC18BF /* Images.xcassets */ = {isa = PBXFileReference; lastKnownFileType = folder.assetcatalog; path = Images.xcassets; sourceTree = "<group>"; };
		9322D4331B01C03100BC18BF /* Base */ = {isa = PBXFileReference; lastKnownFileType = file.xib; name = Base; path = Base.lproj/LaunchScreen.xib; sourceTree = "<group>"; };
		9322D4391B01C03100BC18BF /* IPSETests.xctest */ = {isa = PBXFileReference; explicitFileType = wrapper.cfbundle; includeInIndex = 0; path = IPSETests.xctest; sourceTree = BUILT_PRODUCTS_DIR; };
		9322D43E1B01C03100BC18BF /* Info.plist */ = {isa = PBXFileReference; lastKnownFileType = text.plist.xml; path = Info.plist; sourceTree = "<group>"; };
		9322D43F1B01C03100BC18BF /* IPSETests.swift */ = {isa = PBXFileReference; lastKnownFileType = sourcecode.swift; path = IPSETests.swift; sourceTree = "<group>"; };
		9322D44A1B01C08A00BC18BF /* OrdersController.swift */ = {isa = PBXFileReference; fileEncoding = 4; lastKnownFileType = sourcecode.swift; path = OrdersController.swift; sourceTree = "<group>"; };
		9322D44F1B01CDF700BC18BF /* iLogin.swift */ = {isa = PBXFileReference; fileEncoding = 4; lastKnownFileType = sourcecode.swift; path = iLogin.swift; sourceTree = "<group>"; };
		9322D4511B01CE4800BC18BF /* iProfile.swift */ = {isa = PBXFileReference; fileEncoding = 4; lastKnownFileType = sourcecode.swift; path = iProfile.swift; sourceTree = "<group>"; };
		9322D4531B01CE9600BC18BF /* iOrders.swift */ = {isa = PBXFileReference; fileEncoding = 4; lastKnownFileType = sourcecode.swift; path = iOrders.swift; sourceTree = "<group>"; };
/* End PBXFileReference section */

/* Begin PBXFrameworksBuildPhase section */
		9322D41E1B01C03000BC18BF /* Frameworks */ = {
			isa = PBXFrameworksBuildPhase;
			buildActionMask = 2147483647;
			files = (
			);
			runOnlyForDeploymentPostprocessing = 0;
		};
		9322D4361B01C03100BC18BF /* Frameworks */ = {
			isa = PBXFrameworksBuildPhase;
			buildActionMask = 2147483647;
			files = (
			);
			runOnlyForDeploymentPostprocessing = 0;
		};
/* End PBXFrameworksBuildPhase section */

/* Begin PBXGroup section */
		9322D4181B01C03000BC18BF = {
			isa = PBXGroup;
			children = (
				9322D4231B01C03000BC18BF /* IPSE */,
				9322D43C1B01C03100BC18BF /* IPSETests */,
				9322D4221B01C03000BC18BF /* Products */,
			);
			sourceTree = "<group>";
		};
		9322D4221B01C03000BC18BF /* Products */ = {
			isa = PBXGroup;
			children = (
				9322D4211B01C03000BC18BF /* IPSE.app */,
				9322D4391B01C03100BC18BF /* IPSETests.xctest */,
			);
			name = Products;
			sourceTree = "<group>";
		};
		9322D4231B01C03000BC18BF /* IPSE */ = {
			isa = PBXGroup;
			children = (
				9322D44C1B01C18800BC18BF /* Models */,
				9322D4491B01C07A00BC18BF /* Controllers */,
				9322D4261B01C03000BC18BF /* AppDelegate.swift */,
				9322D42D1B01C03100BC18BF /* Main.storyboard */,
				9322D4301B01C03100BC18BF /* Images.xcassets */,
				9322D4321B01C03100BC18BF /* LaunchScreen.xib */,
				9322D4281B01C03000BC18BF /* IPSE.xcdatamodeld */,
				9322D4241B01C03000BC18BF /* Supporting Files */,
			);
			path = IPSE;
			sourceTree = "<group>";
		};
		9322D4241B01C03000BC18BF /* Supporting Files */ = {
			isa = PBXGroup;
			children = (
				9322D4251B01C03000BC18BF /* Info.plist */,
			);
			name = "Supporting Files";
			sourceTree = "<group>";
		};
		9322D43C1B01C03100BC18BF /* IPSETests */ = {
			isa = PBXGroup;
			children = (
				9322D43F1B01C03100BC18BF /* IPSETests.swift */,
				9322D43D1B01C03100BC18BF /* Supporting Files */,
			);
			path = IPSETests;
			sourceTree = "<group>";
		};
		9322D43D1B01C03100BC18BF /* Supporting Files */ = {
			isa = PBXGroup;
			children = (
				9322D43E1B01C03100BC18BF /* Info.plist */,
			);
			name = "Supporting Files";
			sourceTree = "<group>";
		};
		9322D4491B01C07A00BC18BF /* Controllers */ = {
			isa = PBXGroup;
			children = (
				9322D44A1B01C08A00BC18BF /* OrdersController.swift */,
				9322D42B1B01C03000BC18BF /* MenuController.swift */,
			);
			name = Controllers;
			sourceTree = "<group>";
		};
		9322D44C1B01C18800BC18BF /* Models */ = {
			isa = PBXGroup;
			children = (
				9322D44F1B01CDF700BC18BF /* iLogin.swift */,
				9322D4511B01CE4800BC18BF /* iProfile.swift */,
				9322D4531B01CE9600BC18BF /* iOrders.swift */,
				930397001B05C09100430E6B /* iProduct.swift */,
				930397021B05C1E500430E6B /* iFavourite.swift */,
			);
			name = Models;
			sourceTree = "<group>";
		};
/* End PBXGroup section */

/* Begin PBXNativeTarget section */
		9322D4201B01C03000BC18BF /* IPSE */ = {
			isa = PBXNativeTarget;
			buildConfigurationList = 9322D4431B01C03100BC18BF /* Build configuration list for PBXNativeTarget "IPSE" */;
			buildPhases = (
				9322D41D1B01C03000BC18BF /* Sources */,
				9322D41E1B01C03000BC18BF /* Frameworks */,
				9322D41F1B01C03000BC18BF /* Resources */,
			);
			buildRules = (
			);
			dependencies = (
			);
			name = IPSE;
			productName = IPSE;
			productReference = 9322D4211B01C03000BC18BF /* IPSE.app */;
			productType = "com.apple.product-type.application";
		};
		9322D4381B01C03100BC18BF /* IPSETests */ = {
			isa = PBXNativeTarget;
			buildConfigurationList = 9322D4461B01C03100BC18BF /* Build configuration list for PBXNativeTarget "IPSETests" */;
			buildPhases = (
				9322D4351B01C03100BC18BF /* Sources */,
				9322D4361B01C03100BC18BF /* Frameworks */,
				9322D4371B01C03100BC18BF /* Resources */,
			);
			buildRules = (
			);
			dependencies = (
				9322D43B1B01C03100BC18BF /* PBXTargetDependency */,
			);
			name = IPSETests;
			productName = IPSETests;
			productReference = 9322D4391B01C03100BC18BF /* IPSETests.xctest */;
			productType = "com.apple.product-type.bundle.unit-test";
		};
/* End PBXNativeTarget section */

/* Begin PBXProject section */
		9322D4191B01C03000BC18BF /* Project object */ = {
			isa = PBXProject;
			attributes = {
				LastUpgradeCheck = 0610;
				ORGANIZATIONNAME = rmit;
				TargetAttributes = {
					9322D4201B01C03000BC18BF = {
						CreatedOnToolsVersion = 6.1.1;
						DevelopmentTeam = 8LELQL34M8;
					};
					9322D4381B01C03100BC18BF = {
						CreatedOnToolsVersion = 6.1.1;
						TestTargetID = 9322D4201B01C03000BC18BF;
					};
				};
			};
			buildConfigurationList = 9322D41C1B01C03000BC18BF /* Build configuration list for PBXProject "IPSE" */;
			compatibilityVersion = "Xcode 3.2";
			developmentRegion = English;
			hasScannedForEncodings = 0;
			knownRegions = (
				en,
				Base,
			);
			mainGroup = 9322D4181B01C03000BC18BF;
			productRefGroup = 9322D4221B01C03000BC18BF /* Products */;
			projectDirPath = "";
			projectRoot = "";
			targets = (
				9322D4201B01C03000BC18BF /* IPSE */,
				9322D4381B01C03100BC18BF /* IPSETests */,
			);
		};
/* End PBXProject section */

/* Begin PBXResourcesBuildPhase section */
		9322D41F1B01C03000BC18BF /* Resources */ = {
			isa = PBXResourcesBuildPhase;
			buildActionMask = 2147483647;
			files = (
				9322D42F1B01C03100BC18BF /* Main.storyboard in Resources */,
				9322D4341B01C03100BC18BF /* LaunchScreen.xib in Resources */,
				9322D4311B01C03100BC18BF /* Images.xcassets in Resources */,
			);
			runOnlyForDeploymentPostprocessing = 0;
		};
		9322D4371B01C03100BC18BF /* Resources */ = {
			isa = PBXResourcesBuildPhase;
			buildActionMask = 2147483647;
			files = (
			);
			runOnlyForDeploymentPostprocessing = 0;
		};
/* End PBXResourcesBuildPhase section */

/* Begin PBXSourcesBuildPhase section */
		9322D41D1B01C03000BC18BF /* Sources */ = {
			isa = PBXSourcesBuildPhase;
			buildActionMask = 2147483647;
			files = (
				9322D4541B01CE9600BC18BF /* iOrders.swift in Sources */,
				9322D42C1B01C03000BC18BF /* MenuController.swift in Sources */,
				9322D4501B01CDF700BC18BF /* iLogin.swift in Sources */,
				930397011B05C09100430E6B /* iProduct.swift in Sources */,
				9322D42A1B01C03000BC18BF /* IPSE.xcdatamodeld in Sources */,
				9322D44B1B01C08A00BC18BF /* OrdersController.swift in Sources */,
				930397031B05C1E500430E6B /* iFavourite.swift in Sources */,
				9322D4521B01CE4800BC18BF /* iProfile.swift in Sources */,
				9322D4271B01C03000BC18BF /* AppDelegate.swift in Sources */,
			);
			runOnlyForDeploymentPostprocessing = 0;
		};
		9322D4351B01C03100BC18BF /* Sources */ = {
			isa = PBXSourcesBuildPhase;
			buildActionMask = 2147483647;
			files = (
				9322D4401B01C03100BC18BF /* IPSETests.swift in Sources */,
			);
			runOnlyForDeploymentPostprocessing = 0;
		};
/* End PBXSourcesBuildPhase section */

/* Begin PBXTargetDependency section */
		9322D43B1B01C03100BC18BF /* PBXTargetDependency */ = {
			isa = PBXTargetDependency;
			target = 9322D4201B01C03000BC18BF /* IPSE */;
			targetProxy = 9322D43A1B01C03100BC18BF /* PBXContainerItemProxy */;
		};
/* End PBXTargetDependency section */

/* Begin PBXVariantGroup section */
		9322D42D1B01C03100BC18BF /* Main.storyboard */ = {
			isa = PBXVariantGroup;
			children = (
				9322D42E1B01C03100BC18BF /* Base */,
			);
			name = Main.storyboard;
			sourceTree = "<group>";
		};
		9322D4321B01C03100BC18BF /* LaunchScreen.xib */ = {
			isa = PBXVariantGroup;
			children = (
				9322D4331B01C03100BC18BF /* Base */,
			);
			name = LaunchScreen.xib;
			sourceTree = "<group>";
		};
/* End PBXVariantGroup section */

/* Begin XCBuildConfiguration section */
		9322D4411B01C03100BC18BF /* Debug */ = {
			isa = XCBuildConfiguration;
			buildSettings = {
				ALWAYS_SEARCH_USER_PATHS = NO;
				CLANG_CXX_LANGUAGE_STANDARD = "gnu++0x";
				CLANG_CXX_LIBRARY = "libc++";
				CLANG_ENABLE_MODULES = YES;
				CLANG_ENABLE_OBJC_ARC = YES;
				CLANG_WARN_BOOL_CONVERSION = YES;
				CLANG_WARN_CONSTANT_CONVERSION = YES;
				CLANG_WARN_DIRECT_OBJC_ISA_USAGE = YES_ERROR;
				CLANG_WARN_EMPTY_BODY = YES;
				CLANG_WARN_ENUM_CONVERSION = YES;
				CLANG_WARN_INT_CONVERSION = YES;
				CLANG_WARN_OBJC_ROOT_CLASS = YES_ERROR;
				CLANG_WARN_UNREACHABLE_CODE = YES;
				CLANG_WARN__DUPLICATE_METHOD_MATCH = YES;
				"CODE_SIGN_IDENTITY[sdk=iphoneos*]" = "iPhone Developer";
				COPY_PHASE_STRIP = NO;
				ENABLE_STRICT_OBJC_MSGSEND = YES;
				GCC_C_LANGUAGE_STANDARD = gnu99;
				GCC_DYNAMIC_NO_PIC = NO;
				GCC_OPTIMIZATION_LEVEL = 0;
				GCC_PREPROCESSOR_DEFINITIONS = (
					"DEBUG=1",
					"$(inherited)",
				);
				GCC_SYMBOLS_PRIVATE_EXTERN = NO;
				GCC_WARN_64_TO_32_BIT_CONVERSION = YES;
				GCC_WARN_ABOUT_RETURN_TYPE = YES_ERROR;
				GCC_WARN_UNDECLARED_SELECTOR = YES;
				GCC_WARN_UNINITIALIZED_AUTOS = YES_AGGRESSIVE;
				GCC_WARN_UNUSED_FUNCTION = YES;
				GCC_WARN_UNUSED_VARIABLE = YES;
				IPHONEOS_DEPLOYMENT_TARGET = 8.1;
				MTL_ENABLE_DEBUG_INFO = YES;
				ONLY_ACTIVE_ARCH = YES;
				SDKROOT = iphoneos;
				SWIFT_OPTIMIZATION_LEVEL = "-Onone";
				TARGETED_DEVICE_FAMILY = "1,2";
			};
			name = Debug;
		};
		9322D4421B01C03100BC18BF /* Release */ = {
			isa = XCBuildConfiguration;
			buildSettings = {
				ALWAYS_SEARCH_USER_PATHS = NO;
				CLANG_CXX_LANGUAGE_STANDARD = "gnu++0x";
				CLANG_CXX_LIBRARY = "libc++";
				CLANG_ENABLE_MODULES = YES;
				CLANG_ENABLE_OBJC_ARC = YES;
				CLANG_WARN_BOOL_CONVERSION = YES;
				CLANG_WARN_CONSTANT_CONVERSION = YES;
				CLANG_WARN_DIRECT_OBJC_ISA_USAGE = YES_ERROR;
				CLANG_WARN_EMPTY_BODY = YES;
				CLANG_WARN_ENUM_CONVERSION = YES;
				CLANG_WARN_INT_CONVERSION = YES;
				CLANG_WARN_OBJC_ROOT_CLASS = YES_ERROR;
				CLANG_WARN_UNREACHABLE_CODE = YES;
				CLANG_WARN__DUPLICATE_METHOD_MATCH = YES;
				"CODE_SIGN_IDENTITY[sdk=iphoneos*]" = "iPhone Developer";
				COPY_PHASE_STRIP = YES;
				ENABLE_NS_ASSERTIONS = NO;
				ENABLE_STRICT_OBJC_MSGSEND = YES;
				GCC_C_LANGUAGE_STANDARD = gnu99;
				GCC_WARN_64_TO_32_BIT_CONVERSION = YES;
				GCC_WARN_ABOUT_RETURN_TYPE = YES_ERROR;
				GCC_WARN_UNDECLARED_SELECTOR = YES;
				GCC_WARN_UNINITIALIZED_AUTOS = YES_AGGRESSIVE;
				GCC_WARN_UNUSED_FUNCTION = YES;
				GCC_WARN_UNUSED_VARIABLE = YES;
				IPHONEOS_DEPLOYMENT_TARGET = 8.1;
				MTL_ENABLE_DEBUG_INFO = NO;
				SDKROOT = iphoneos;
				TARGETED_DEVICE_FAMILY = "1,2";
				VALIDATE_PRODUCT = YES;
			};
			name = Release;
		};
		9322D4441B01C03100BC18BF /* Debug */ = {
			isa = XCBuildConfiguration;
			buildSettings = {
				ASSETCATALOG_COMPILER_APPICON_NAME = AppIcon;
				CODE_SIGN_IDENTITY = "iPhone Developer";
				"CODE_SIGN_IDENTITY[sdk=iphoneos*]" = "iPhone Developer";
				INFOPLIST_FILE = IPSE/Info.plist;
				LD_RUNPATH_SEARCH_PATHS = "$(inherited) @executable_path/Frameworks";
				PRODUCT_NAME = "$(TARGET_NAME)";
				PROVISIONING_PROFILE = "";
			};
			name = Debug;
		};
		9322D4451B01C03100BC18BF /* Release */ = {
			isa = XCBuildConfiguration;
			buildSettings = {
				ASSETCATALOG_COMPILER_APPICON_NAME = AppIcon;
				CODE_SIGN_IDENTITY = "iPhone Developer";
				"CODE_SIGN_IDENTITY[sdk=iphoneos*]" = "iPhone Developer";
				INFOPLIST_FILE = IPSE/Info.plist;
				LD_RUNPATH_SEARCH_PATHS = "$(inherited) @executable_path/Frameworks";
				PRODUCT_NAME = "$(TARGET_NAME)";
				PROVISIONING_PROFILE = "";
			};
			name = Release;
		};
		9322D4471B01C03100BC18BF /* Debug */ = {
			isa = XCBuildConfiguration;
			buildSettings = {
				BUNDLE_LOADER = "$(TEST_HOST)";
				FRAMEWORK_SEARCH_PATHS = (
					"$(SDKROOT)/Developer/Library/Frameworks",
					"$(inherited)",
				);
				GCC_PREPROCESSOR_DEFINITIONS = (
					"DEBUG=1",
					"$(inherited)",
				);
				INFOPLIST_FILE = IPSETests/Info.plist;
				LD_RUNPATH_SEARCH_PATHS = "$(inherited) @executable_path/Frameworks @loader_path/Frameworks";
				PRODUCT_NAME = "$(TARGET_NAME)";
				TEST_HOST = "$(BUILT_PRODUCTS_DIR)/IPSE.app/IPSE";
			};
			name = Debug;
		};
		9322D4481B01C03100BC18BF /* Release */ = {
			isa = XCBuildConfiguration;
			buildSettings = {
				BUNDLE_LOADER = "$(TEST_HOST)";
				FRAMEWORK_SEARCH_PATHS = (
					"$(SDKROOT)/Developer/Library/Frameworks",
					"$(inherited)",
				);
				INFOPLIST_FILE = IPSETests/Info.plist;
				LD_RUNPATH_SEARCH_PATHS = "$(inherited) @executable_path/Frameworks @loader_path/Frameworks";
				PRODUCT_NAME = "$(TARGET_NAME)";
				TEST_HOST = "$(BUILT_PRODUCTS_DIR)/IPSE.app/IPSE";
			};
			name = Release;
		};
/* End XCBuildConfiguration section */

/* Begin XCConfigurationList section */
		9322D41C1B01C03000BC18BF /* Build configuration list for PBXProject "IPSE" */ = {
			isa = XCConfigurationList;
			buildConfigurations = (
				9322D4411B01C03100BC18BF /* Debug */,
				9322D4421B01C03100BC18BF /* Release */,
			);
			defaultConfigurationIsVisible = 0;
			defaultConfigurationName = Release;
		};
		9322D4431B01C03100BC18BF /* Build configuration list for PBXNativeTarget "IPSE" */ = {
			isa = XCConfigurationList;
			buildConfigurations = (
				9322D4441B01C03100BC18BF /* Debug */,
				9322D4451B01C03100BC18BF /* Release */,
			);
			defaultConfigurationIsVisible = 0;
			defaultConfigurationName = Release;
		};
		9322D4461B01C03100BC18BF /* Build configuration list for PBXNativeTarget "IPSETests" */ = {
			isa = XCConfigurationList;
			buildConfigurations = (
				9322D4471B01C03100BC18BF /* Debug */,
				9322D4481B01C03100BC18BF /* Release */,
			);
			defaultConfigurationIsVisible = 0;
			defaultConfigurationName = Release;
		};
/* End XCConfigurationList section */

/* Begin XCVersionGroup section */
		9322D4281B01C03000BC18BF /* IPSE.xcdatamodeld */ = {
			isa = XCVersionGroup;
			children = (
				9322D4291B01C03000BC18BF /* IPSE.xcdatamodel */,
			);
			currentVersion = 9322D4291B01C03000BC18BF /* IPSE.xcdatamodel */;
			path = IPSE.xcdatamodeld;
			sourceTree = "<group>";
			versionGroupType = wrapper.xcdatamodel;
		};
/* End XCVersionGroup section */
	};
	rootObject = 9322D4191B01C03000BC18BF /* Project object */;
}
